// !$*UTF8*$!
{
	archiveVersion = 1;
	classes = {
	};
	objectVersion = 46;
	objects = {

/* Begin PBXBuildFile section */
		DCC32F571EE4717300E0DF32 /* AppDelegate.swift in Sources */ = {isa = PBXBuildFile; fileRef = DCC32F561EE4717300E0DF32 /* AppDelegate.swift */; };
		DCC32F591EE4717300E0DF32 /* ViewController.swift in Sources */ = {isa = PBXBuildFile; fileRef = DCC32F581EE4717300E0DF32 /* ViewController.swift */; };
		DCC32F5B1EE4717300E0DF32 /* Assets.xcassets in Resources */ = {isa = PBXBuildFile; fileRef = DCC32F5A1EE4717300E0DF32 /* Assets.xcassets */; };
		DCC32F5E1EE4717300E0DF32 /* Main.storyboard in Resources */ = {isa = PBXBuildFile; fileRef = DCC32F5C1EE4717300E0DF32 /* Main.storyboard */; };
		DCC32F691EE4717300E0DF32 /* TelemetryLoggerTests.swift in Sources */ = {isa = PBXBuildFile; fileRef = DCC32F681EE4717300E0DF32 /* TelemetryLoggerTests.swift */; };
/* End PBXBuildFile section */

/* Begin PBXContainerItemProxy section */
		DCC32F651EE4717300E0DF32 /* PBXContainerItemProxy */ = {
			isa = PBXContainerItemProxy;
			containerPortal = DCC32F4B1EE4717300E0DF32 /* Project object */;
			proxyType = 1;
			remoteGlobalIDString = DCC32F521EE4717300E0DF32;
			remoteInfo = TelemetryLogger;
		};
/* End PBXContainerItemProxy section */

/* Begin PBXFileReference section */
		DCC32F531EE4717300E0DF32 /* TelemetryLogger.app */ = {isa = PBXFileReference; explicitFileType = wrapper.application; includeInIndex = 0; path = TelemetryLogger.app; sourceTree = BUILT_PRODUCTS_DIR; };
		DCC32F561EE4717300E0DF32 /* AppDelegate.swift */ = {isa = PBXFileReference; lastKnownFileType = sourcecode.swift; path = AppDelegate.swift; sourceTree = "<group>"; };
		DCC32F581EE4717300E0DF32 /* ViewController.swift */ = {isa = PBXFileReference; lastKnownFileType = sourcecode.swift; path = ViewController.swift; sourceTree = "<group>"; };
		DCC32F5A1EE4717300E0DF32 /* Assets.xcassets */ = {isa = PBXFileReference; lastKnownFileType = folder.assetcatalog; path = Assets.xcassets; sourceTree = "<group>"; };
		DCC32F5D1EE4717300E0DF32 /* Base */ = {isa = PBXFileReference; lastKnownFileType = file.storyboard; name = Base; path = Base.lproj/Main.storyboard; sourceTree = "<group>"; };
		DCC32F5F1EE4717300E0DF32 /* Info.plist */ = {isa = PBXFileReference; lastKnownFileType = text.plist.xml; path = Info.plist; sourceTree = "<group>"; };
		DCC32F641EE4717300E0DF32 /* TelemetryLoggerTests.xctest */ = {isa = PBXFileReference; explicitFileType = wrapper.cfbundle; includeInIndex = 0; path = TelemetryLoggerTests.xctest; sourceTree = BUILT_PRODUCTS_DIR; };
		DCC32F681EE4717300E0DF32 /* TelemetryLoggerTests.swift */ = {isa = PBXFileReference; lastKnownFileType = sourcecode.swift; path = TelemetryLoggerTests.swift; sourceTree = "<group>"; };
		DCC32F6A1EE4717300E0DF32 /* Info.plist */ = {isa = PBXFileReference; lastKnownFileType = text.plist.xml; path = Info.plist; sourceTree = "<group>"; };
/* End PBXFileReference section */

/* Begin PBXFrameworksBuildPhase section */
		DCC32F501EE4717300E0DF32 /* Frameworks */ = {
			isa = PBXFrameworksBuildPhase;
			buildActionMask = 2147483647;
			files = (
			);
			runOnlyForDeploymentPostprocessing = 0;
		};
		DCC32F611EE4717300E0DF32 /* Frameworks */ = {
			isa = PBXFrameworksBuildPhase;
			buildActionMask = 2147483647;
			files = (
			);
			runOnlyForDeploymentPostprocessing = 0;
		};
/* End PBXFrameworksBuildPhase section */

/* Begin PBXGroup section */
		DCC32F4A1EE4717300E0DF32 = {
			isa = PBXGroup;
			children = (
				DCC32F551EE4717300E0DF32 /* TelemetryLogger */,
				DCC32F671EE4717300E0DF32 /* TelemetryLoggerTests */,
				DCC32F541EE4717300E0DF32 /* Products */,
			);
			sourceTree = "<group>";
		};
		DCC32F541EE4717300E0DF32 /* Products */ = {
			isa = PBXGroup;
			children = (
				DCC32F531EE4717300E0DF32 /* TelemetryLogger.app */,
				DCC32F641EE4717300E0DF32 /* TelemetryLoggerTests.xctest */,
			);
			name = Products;
			sourceTree = "<group>";
		};
		DCC32F551EE4717300E0DF32 /* TelemetryLogger */ = {
			isa = PBXGroup;
			children = (
				DCC32F561EE4717300E0DF32 /* AppDelegate.swift */,
				DCC32F581EE4717300E0DF32 /* ViewController.swift */,
				DCC32F5A1EE4717300E0DF32 /* Assets.xcassets */,
				DCC32F5C1EE4717300E0DF32 /* Main.storyboard */,
				DCC32F5F1EE4717300E0DF32 /* Info.plist */,
			);
			path = TelemetryLogger;
			sourceTree = "<group>";
		};
		DCC32F671EE4717300E0DF32 /* TelemetryLoggerTests */ = {
			isa = PBXGroup;
			children = (
				DCC32F681EE4717300E0DF32 /* TelemetryLoggerTests.swift */,
				DCC32F6A1EE4717300E0DF32 /* Info.plist */,
			);
			path = TelemetryLoggerTests;
			sourceTree = "<group>";
		};
/* End PBXGroup section */

/* Begin PBXNativeTarget section */
		DCC32F521EE4717300E0DF32 /* TelemetryLogger */ = {
			isa = PBXNativeTarget;
			buildConfigurationList = DCC32F6D1EE4717300E0DF32 /* Build configuration list for PBXNativeTarget "TelemetryLogger" */;
			buildPhases = (
				DCC32F4F1EE4717300E0DF32 /* Sources */,
				DCC32F501EE4717300E0DF32 /* Frameworks */,
				DCC32F511EE4717300E0DF32 /* Resources */,
			);
			buildRules = (
			);
			dependencies = (
			);
			name = TelemetryLogger;
			productName = TelemetryLogger;
			productReference = DCC32F531EE4717300E0DF32 /* TelemetryLogger.app */;
			productType = "com.apple.product-type.application";
		};
		DCC32F631EE4717300E0DF32 /* TelemetryLoggerTests */ = {
			isa = PBXNativeTarget;
			buildConfigurationList = DCC32F701EE4717300E0DF32 /* Build configuration list for PBXNativeTarget "TelemetryLoggerTests" */;
			buildPhases = (
				DCC32F601EE4717300E0DF32 /* Sources */,
				DCC32F611EE4717300E0DF32 /* Frameworks */,
				DCC32F621EE4717300E0DF32 /* Resources */,
			);
			buildRules = (
			);
			dependencies = (
				DCC32F661EE4717300E0DF32 /* PBXTargetDependency */,
			);
			name = TelemetryLoggerTests;
			productName = TelemetryLoggerTests;
			productReference = DCC32F641EE4717300E0DF32 /* TelemetryLoggerTests.xctest */;
			productType = "com.apple.product-type.bundle.unit-test";
		};
/* End PBXNativeTarget section */

/* Begin PBXProject section */
		DCC32F4B1EE4717300E0DF32 /* Project object */ = {
			isa = PBXProject;
			attributes = {
				LastSwiftUpdateCheck = 0830;
				LastUpgradeCheck = 0830;
				ORGANIZATIONNAME = "Stephen Flores";
				TargetAttributes = {
					DCC32F521EE4717300E0DF32 = {
						CreatedOnToolsVersion = 8.3.2;
						ProvisioningStyle = Automatic;
					};
					DCC32F631EE4717300E0DF32 = {
						CreatedOnToolsVersion = 8.3.2;
						ProvisioningStyle = Automatic;
						TestTargetID = DCC32F521EE4717300E0DF32;
					};
				};
			};
			buildConfigurationList = DCC32F4E1EE4717300E0DF32 /* Build configuration list for PBXProject "TelemetryLogger" */;
			compatibilityVersion = "Xcode 3.2";
			developmentRegion = English;
			hasScannedForEncodings = 0;
			knownRegions = (
				en,
				Base,
			);
			mainGroup = DCC32F4A1EE4717300E0DF32;
			productRefGroup = DCC32F541EE4717300E0DF32 /* Products */;
			projectDirPath = "";
			projectRoot = "";
			targets = (
				DCC32F521EE4717300E0DF32 /* TelemetryLogger */,
				DCC32F631EE4717300E0DF32 /* TelemetryLoggerTests */,
			);
		};
/* End PBXProject section */

/* Begin PBXResourcesBuildPhase section */
		DCC32F511EE4717300E0DF32 /* Resources */ = {
			isa = PBXResourcesBuildPhase;
			buildActionMask = 2147483647;
			files = (
				DCC32F5B1EE4717300E0DF32 /* Assets.xcassets in Resources */,
				DCC32F5E1EE4717300E0DF32 /* Main.storyboard in Resources */,
			);
			runOnlyForDeploymentPostprocessing = 0;
		};
		DCC32F621EE4717300E0DF32 /* Resources */ = {
			isa = PBXResourcesBuildPhase;
			buildActionMask = 2147483647;
			files = (
			);
			runOnlyForDeploymentPostprocessing = 0;
		};
/* End PBXResourcesBuildPhase section */

/* Begin PBXSourcesBuildPhase section */
		DCC32F4F1EE4717300E0DF32 /* Sources */ = {
			isa = PBXSourcesBuildPhase;
			buildActionMask = 2147483647;
			files = (
				DCC32F591EE4717300E0DF32 /* ViewController.swift in Sources */,
				DCC32F571EE4717300E0DF32 /* AppDelegate.swift in Sources */,
			);
			runOnlyForDeploymentPostprocessing = 0;
		};
		DCC32F601EE4717300E0DF32 /* Sources */ = {
			isa = PBXSourcesBuildPhase;
			buildActionMask = 2147483647;
			files = (
				DCC32F691EE4717300E0DF32 /* TelemetryLoggerTests.swift in Sources */,
			);
			runOnlyForDeploymentPostprocessing = 0;
		};
/* End PBXSourcesBuildPhase section */

/* Begin PBXTargetDependency section */
		DCC32F661EE4717300E0DF32 /* PBXTargetDependency */ = {
			isa = PBXTargetDependency;
			target = DCC32F521EE4717300E0DF32 /* TelemetryLogger */;
			targetProxy = DCC32F651EE4717300E0DF32 /* PBXContainerItemProxy */;
		};
/* End PBXTargetDependency section */

/* Begin PBXVariantGroup section */
		DCC32F5C1EE4717300E0DF32 /* Main.storyboard */ = {
			isa = PBXVariantGroup;
			children = (
				DCC32F5D1EE4717300E0DF32 /* Base */,
			);
			name = Main.storyboard;
			sourceTree = "<group>";
		};
/* End PBXVariantGroup section */

/* Begin XCBuildConfiguration section */
		DCC32F6B1EE4717300E0DF32 /* Debug */ = {
			isa = XCBuildConfiguration;
			buildSettings = {
				ALWAYS_SEARCH_USER_PATHS = NO;
				CLANG_ANALYZER_NONNULL = YES;
				CLANG_ANALYZER_NUMBER_OBJECT_CONVERSION = YES_AGGRESSIVE;
				CLANG_CXX_LANGUAGE_STANDARD = "gnu++0x";
				CLANG_CXX_LIBRARY = "libc++";
				CLANG_ENABLE_MODULES = YES;
				CLANG_ENABLE_OBJC_ARC = YES;
				CLANG_WARN_BOOL_CONVERSION = YES;
				CLANG_WARN_CONSTANT_CONVERSION = YES;
				CLANG_WARN_DIRECT_OBJC_ISA_USAGE = YES_ERROR;
				CLANG_WARN_DOCUMENTATION_COMMENTS = YES;
				CLANG_WARN_EMPTY_BODY = YES;
				CLANG_WARN_ENUM_CONVERSION = YES;
				CLANG_WARN_INFINITE_RECURSION = YES;
				CLANG_WARN_INT_CONVERSION = YES;
				CLANG_WARN_OBJC_ROOT_CLASS = YES_ERROR;
				CLANG_WARN_SUSPICIOUS_MOVE = YES;
				CLANG_WARN_UNREACHABLE_CODE = YES;
				CLANG_WARN__DUPLICATE_METHOD_MATCH = YES;
				CODE_SIGN_IDENTITY = "-";
				COPY_PHASE_STRIP = NO;
				DEBUG_INFORMATION_FORMAT = dwarf;
				ENABLE_STRICT_OBJC_MSGSEND = YES;
				ENABLE_TESTABILITY = YES;
				GCC_C_LANGUAGE_STANDARD = gnu99;
				GCC_DYNAMIC_NO_PIC = NO;
				GCC_NO_COMMON_BLOCKS = YES;
				GCC_OPTIMIZATION_LEVEL = 0;
				GCC_PREPROCESSOR_DEFINITIONS = (
					"DEBUG=1",
					"$(inherited)",
				);
				GCC_WARN_64_TO_32_BIT_CONVERSION = YES;
				GCC_WARN_ABOUT_RETURN_TYPE = YES_ERROR;
				GCC_WARN_UNDECLARED_SELECTOR = YES;
				GCC_WARN_UNINITIALIZED_AUTOS = YES_AGGRESSIVE;
				GCC_WARN_UNUSED_FUNCTION = YES;
				GCC_WARN_UNUSED_VARIABLE = YES;
				MACOSX_DEPLOYMENT_TARGET = 10.12;
				MTL_ENABLE_DEBUG_INFO = YES;
				ONLY_ACTIVE_ARCH = YES;
				SDKROOT = macosx;
				SWIFT_ACTIVE_COMPILATION_CONDITIONS = DEBUG;
				SWIFT_OPTIMIZATION_LEVEL = "-Onone";
			};
			name = Debug;
		};
		DCC32F6C1EE4717300E0DF32 /* Release */ = {
			isa = XCBuildConfiguration;
			buildSettings = {
				ALWAYS_SEARCH_USER_PATHS = NO;
				CLANG_ANALYZER_NONNULL = YES;
				CLANG_ANALYZER_NUMBER_OBJECT_CONVERSION = YES_AGGRESSIVE;
				CLANG_CXX_LANGUAGE_STANDARD = "gnu++0x";
				CLANG_CXX_LIBRARY = "libc++";
				CLANG_ENABLE_MODULES = YES;
				CLANG_ENABLE_OBJC_ARC = YES;
				CLANG_WARN_BOOL_CONVERSION = YES;
				CLANG_WARN_CONSTANT_CONVERSION = YES;
				CLANG_WARN_DIRECT_OBJC_ISA_USAGE = YES_ERROR;
				CLANG_WARN_DOCUMENTATION_COMMENTS = YES;
				CLANG_WARN_EMPTY_BODY = YES;
				CLANG_WARN_ENUM_CONVERSION = YES;
				CLANG_WARN_INFINITE_RECURSION = YES;
				CLANG_WARN_INT_CONVERSION = YES;
				CLANG_WARN_OBJC_ROOT_CLASS = YES_ERROR;
				CLANG_WARN_SUSPICIOUS_MOVE = YES;
				CLANG_WARN_UNREACHABLE_CODE = YES;
				CLANG_WARN__DUPLICATE_METHOD_MATCH = YES;
				CODE_SIGN_IDENTITY = "-";
				COPY_PHASE_STRIP = NO;
				DEBUG_INFORMATION_FORMAT = "dwarf-with-dsym";
				ENABLE_NS_ASSERTIONS = NO;
				ENABLE_STRICT_OBJC_MSGSEND = YES;
				GCC_C_LANGUAGE_STANDARD = gnu99;
				GCC_NO_COMMON_BLOCKS = YES;
				GCC_WARN_64_TO_32_BIT_CONVERSION = YES;
				GCC_WARN_ABOUT_RETURN_TYPE = YES_ERROR;
				GCC_WARN_UNDECLARED_SELECTOR = YES;
				GCC_WARN_UNINITIALIZED_AUTOS = YES_AGGRESSIVE;
				GCC_WARN_UNUSED_FUNCTION = YES;
				GCC_WARN_UNUSED_VARIABLE = YES;
				MACOSX_DEPLOYMENT_TARGET = 10.12;
				MTL_ENABLE_DEBUG_INFO = NO;
				SDKROOT = macosx;
				SWIFT_OPTIMIZATION_LEVEL = "-Owholemodule";
			};
			name = Release;
		};
		DCC32F6E1EE4717300E0DF32 /* Debug */ = {
			isa = XCBuildConfiguration;
			buildSettings = {
				ASSETCATALOG_COMPILER_APPICON_NAME = AppIcon;
				COMBINE_HIDPI_IMAGES = YES;
				INFOPLIST_FILE = TelemetryLogger/Info.plist;
				LD_RUNPATH_SEARCH_PATHS = "$(inherited) @executable_path/../Frameworks";
				PRODUCT_BUNDLE_IDENTIFIER = com.Prograde.TelemetryLogger;
				PRODUCT_NAME = "$(TARGET_NAME)";
				SWIFT_VERSION = 3.0;
			};
			name = Debug;
		};
		DCC32F6F1EE4717300E0DF32 /* Release */ = {
			isa = XCBuildConfiguration;
			buildSettings = {
				ASSETCATALOG_COMPILER_APPICON_NAME = AppIcon;
				COMBINE_HIDPI_IMAGES = YES;
				INFOPLIST_FILE = TelemetryLogger/Info.plist;
				LD_RUNPATH_SEARCH_PATHS = "$(inherited) @executable_path/../Frameworks";
				PRODUCT_BUNDLE_IDENTIFIER = com.Prograde.TelemetryLogger;
				PRODUCT_NAME = "$(TARGET_NAME)";
				SWIFT_VERSION = 3.0;
			};
			name = Release;
		};
		DCC32F711EE4717300E0DF32 /* Debug */ = {
			isa = XCBuildConfiguration;
			buildSettings = {
				ALWAYS_EMBED_SWIFT_STANDARD_LIBRARIES = YES;
				BUNDLE_LOADER = "$(TEST_HOST)";
				COMBINE_HIDPI_IMAGES = YES;
				INFOPLIST_FILE = TelemetryLoggerTests/Info.plist;
				LD_RUNPATH_SEARCH_PATHS = "$(inherited) @executable_path/../Frameworks @loader_path/../Frameworks";
				PRODUCT_BUNDLE_IDENTIFIER = com.Prograde.TelemetryLoggerTests;
				PRODUCT_NAME = "$(TARGET_NAME)";
				SWIFT_VERSION = 3.0;
				TEST_HOST = "$(BUILT_PRODUCTS_DIR)/TelemetryLogger.app/Contents/MacOS/TelemetryLogger";
			};
			name = Debug;
		};
		DCC32F721EE4717300E0DF32 /* Release */ = {
			isa = XCBuildConfiguration;
			buildSettings = {
				ALWAYS_EMBED_SWIFT_STANDARD_LIBRARIES = YES;
				BUNDLE_LOADER = "$(TEST_HOST)";
				COMBINE_HIDPI_IMAGES = YES;
				INFOPLIST_FILE = TelemetryLoggerTests/Info.plist;
				LD_RUNPATH_SEARCH_PATHS = "$(inherited) @executable_path/../Frameworks @loader_path/../Frameworks";
				PRODUCT_BUNDLE_IDENTIFIER = com.Prograde.TelemetryLoggerTests;
				PRODUCT_NAME = "$(TARGET_NAME)";
				SWIFT_VERSION = 3.0;
				TEST_HOST = "$(BUILT_PRODUCTS_DIR)/TelemetryLogger.app/Contents/MacOS/TelemetryLogger";
			};
			name = Release;
		};
/* End XCBuildConfiguration section */

/* Begin XCConfigurationList section */
		DCC32F4E1EE4717300E0DF32 /* Build configuration list for PBXProject "TelemetryLogger" */ = {
			isa = XCConfigurationList;
			buildConfigurations = (
				DCC32F6B1EE4717300E0DF32 /* Debug */,
				DCC32F6C1EE4717300E0DF32 /* Release */,
			);
			defaultConfigurationIsVisible = 0;
			defaultConfigurationName = Release;
		};
		DCC32F6D1EE4717300E0DF32 /* Build configuration list for PBXNativeTarget "TelemetryLogger" */ = {
			isa = XCConfigurationList;
			buildConfigurations = (
				DCC32F6E1EE4717300E0DF32 /* Debug */,
				DCC32F6F1EE4717300E0DF32 /* Release */,
			);
			defaultConfigurationIsVisible = 0;
		};
		DCC32F701EE4717300E0DF32 /* Build configuration list for PBXNativeTarget "TelemetryLoggerTests" */ = {
			isa = XCConfigurationList;
			buildConfigurations = (
				DCC32F711EE4717300E0DF32 /* Debug */,
				DCC32F721EE4717300E0DF32 /* Release */,
			);
			defaultConfigurationIsVisible = 0;
		};
/* End XCConfigurationList section */
	};
	rootObject = DCC32F4B1EE4717300E0DF32 /* Project object */;
}
